
Microsoft Visual Studio Solution File, Format Version 12.00
# Visual Studio Version 16
VisualStudioVersion = 16.0.29403.142
MinimumVisualStudioVersion = 10.0.40219.1
Project("{FAE04EC0-301F-11D3-BF4B-00C04F79EFBC}") = "PET MANAGEMENT", "PET MANAGEMENT\PET MANAGEMENT.csproj", "{65938A5A-AE9E-41B5-A906-ED8E76CBFE35}"
EndProject
Global
	GlobalSection(SolutionConfigurationPlatforms) = preSolution
		Debug|Any CPU = Debug|Any CPU
		Release|Any CPU = Release|Any CPU
	EndGlobalSection
	GlobalSection(ProjectConfigurationPlatforms) = postSolution
		{65938A5A-AE9E-41B5-A906-ED8E76CBFE35}.Debug|Any CPU.ActiveCfg = Debug|Any CPU
		{65938A5A-AE9E-41B5-A906-ED8E76CBFE35}.Debug|Any CPU.Build.0 = Debug|Any CPU
		{65938A5A-AE9E-41B5-A906-ED8E76CBFE35}.Release|Any CPU.ActiveCfg = Release|Any CPU
		{65938A5A-AE9E-41B5-A906-ED8E76CBFE35}.Release|Any CPU.Build.0 = Release|Any CPU
	EndGlobalSection
	GlobalSection(SolutionProperties) = preSolution
		HideSolutionNode = FALSE
	EndGlobalSection
	GlobalSection(ExtensibilityGlobals) = postSolution
		SolutionGuid = {92D52380-8FCF-4AD5-81CD-ACCDAEEB6D3F}
	EndGlobalSection
EndGlobal
